
Microsoft Visual Studio Solution File, Format Version 11.00
# Visual Studio 2010
Project("{FAE04EC0-301F-11D3-BF4B-00C04F79EFBC}") = "GALs", "GALs\GALs.csproj", "{33B1D94F-433B-495F-9D3B-CFF937F4E068}"
EndProject
Project("{8BC9CEB8-8B4A-11D0-8D11-00A0C91BC942}") = "GPUMieScattering", "GPUMieScattering\GPUMieScattering.vcxproj", "{BAF8CD6F-FED8-411F-A0F8-EE8583662EDC}"
EndProject
Project("{8BC9CEB8-8B4A-11D0-8D11-00A0C91BC942}") = "GPUMieScatteringDLL", "GPUMieScatteringDLL\GPUMieScatteringDLL.vcxproj", "{0AAAAC10-67D6-4C3E-8EFD-2575DE63F111}"
EndProject
Global
	GlobalSection(SolutionConfigurationPlatforms) = preSolution
		Debug|Mixed Platforms = Debug|Mixed Platforms
		Debug|Win32 = Debug|Win32
		Debug|x86 = Debug|x86
		Release|Mixed Platforms = Release|Mixed Platforms
		Release|Win32 = Release|Win32
		Release|x86 = Release|x86
	EndGlobalSection
	GlobalSection(ProjectConfigurationPlatforms) = postSolution
		{33B1D94F-433B-495F-9D3B-CFF937F4E068}.Debug|Mixed Platforms.ActiveCfg = Debug|x86
		{33B1D94F-433B-495F-9D3B-CFF937F4E068}.Debug|Mixed Platforms.Build.0 = Debug|x86
		{33B1D94F-433B-495F-9D3B-CFF937F4E068}.Debug|Win32.ActiveCfg = Debug|x86
		{33B1D94F-433B-495F-9D3B-CFF937F4E068}.Debug|x86.ActiveCfg = Debug|x86
		{33B1D94F-433B-495F-9D3B-CFF937F4E068}.Debug|x86.Build.0 = Debug|x86
		{33B1D94F-433B-495F-9D3B-CFF937F4E068}.Release|Mixed Platforms.ActiveCfg = Release|x86
		{33B1D94F-433B-495F-9D3B-CFF937F4E068}.Release|Mixed Platforms.Build.0 = Release|x86
		{33B1D94F-433B-495F-9D3B-CFF937F4E068}.Release|Win32.ActiveCfg = Release|x86
		{33B1D94F-433B-495F-9D3B-CFF937F4E068}.Release|x86.ActiveCfg = Release|x86
		{33B1D94F-433B-495F-9D3B-CFF937F4E068}.Release|x86.Build.0 = Release|x86
		{BAF8CD6F-FED8-411F-A0F8-EE8583662EDC}.Debug|Mixed Platforms.ActiveCfg = Debug|Win32
		{BAF8CD6F-FED8-411F-A0F8-EE8583662EDC}.Debug|Mixed Platforms.Build.0 = Debug|Win32
		{BAF8CD6F-FED8-411F-A0F8-EE8583662EDC}.Debug|Win32.ActiveCfg = Debug|Win32
		{BAF8CD6F-FED8-411F-A0F8-EE8583662EDC}.Debug|Win32.Build.0 = Debug|Win32
		{BAF8CD6F-FED8-411F-A0F8-EE8583662EDC}.Debug|x86.ActiveCfg = Debug|Win32
		{BAF8CD6F-FED8-411F-A0F8-EE8583662EDC}.Release|Mixed Platforms.ActiveCfg = Release|Win32
		{BAF8CD6F-FED8-411F-A0F8-EE8583662EDC}.Release|Mixed Platforms.Build.0 = Release|Win32
		{BAF8CD6F-FED8-411F-A0F8-EE8583662EDC}.Release|Win32.ActiveCfg = Release|Win32
		{BAF8CD6F-FED8-411F-A0F8-EE8583662EDC}.Release|Win32.Build.0 = Release|Win32
		{BAF8CD6F-FED8-411F-A0F8-EE8583662EDC}.Release|x86.ActiveCfg = Release|Win32
		{0AAAAC10-67D6-4C3E-8EFD-2575DE63F111}.Debug|Mixed Platforms.ActiveCfg = Debug|Win32
		{0AAAAC10-67D6-4C3E-8EFD-2575DE63F111}.Debug|Mixed Platforms.Build.0 = Debug|Win32
		{0AAAAC10-67D6-4C3E-8EFD-2575DE63F111}.Debug|Win32.ActiveCfg = Debug|Win32
		{0AAAAC10-67D6-4C3E-8EFD-2575DE63F111}.Debug|Win32.Build.0 = Debug|Win32
		{0AAAAC10-67D6-4C3E-8EFD-2575DE63F111}.Debug|x86.ActiveCfg = Debug|Win32
		{0AAAAC10-67D6-4C3E-8EFD-2575DE63F111}.Release|Mixed Platforms.ActiveCfg = Release|Win32
		{0AAAAC10-67D6-4C3E-8EFD-2575DE63F111}.Release|Mixed Platforms.Build.0 = Release|Win32
		{0AAAAC10-67D6-4C3E-8EFD-2575DE63F111}.Release|Win32.ActiveCfg = Release|Win32
		{0AAAAC10-67D6-4C3E-8EFD-2575DE63F111}.Release|Win32.Build.0 = Release|Win32
		{0AAAAC10-67D6-4C3E-8EFD-2575DE63F111}.Release|x86.ActiveCfg = Release|Win32
	EndGlobalSection
	GlobalSection(SolutionProperties) = preSolution
		HideSolutionNode = FALSE
	EndGlobalSection
EndGlobal
